// !$*UTF8*$!
{
	archiveVersion = 1;
	classes = {
	};
	objectVersion = 56;
	objects = {

/* Begin PBXBuildFile section */
		F26C220B2B78BDFE00440093 /* AppDelegate.swift in Sources */ = {isa = PBXBuildFile; fileRef = F26C220A2B78BDFE00440093 /* AppDelegate.swift */; };
		F26C220D2B78BDFE00440093 /* SceneDelegate.swift in Sources */ = {isa = PBXBuildFile; fileRef = F26C220C2B78BDFE00440093 /* SceneDelegate.swift */; };
		F26C22142B78BE0000440093 /* Assets.xcassets in Resources */ = {isa = PBXBuildFile; fileRef = F26C22132B78BE0000440093 /* Assets.xcassets */; };
		F26C22172B78BE0000440093 /* LaunchScreen.storyboard in Resources */ = {isa = PBXBuildFile; fileRef = F26C22152B78BE0000440093 /* LaunchScreen.storyboard */; };
		F26C22202B78BE3F00440093 /* CombineCocoa in Frameworks */ = {isa = PBXBuildFile; productRef = F26C221F2B78BE3F00440093 /* CombineCocoa */; };
		F26C22232B78BF1800440093 /* Kingfisher in Frameworks */ = {isa = PBXBuildFile; productRef = F26C22222B78BF1800440093 /* Kingfisher */; };
		F26C22262B78BF3800440093 /* SnapKit in Frameworks */ = {isa = PBXBuildFile; productRef = F26C22252B78BF3800440093 /* SnapKit */; };
		F26C22282B78BF3800440093 /* SnapKit-Dynamic in Frameworks */ = {isa = PBXBuildFile; productRef = F26C22272B78BF3800440093 /* SnapKit-Dynamic */; };
		F26C222B2B78BF5C00440093 /* SkeletonView in Frameworks */ = {isa = PBXBuildFile; productRef = F26C222A2B78BF5C00440093 /* SkeletonView */; };
		F26C222E2B78BF7900440093 /* IQKeyboardManagerSwift in Frameworks */ = {isa = PBXBuildFile; productRef = F26C222D2B78BF7900440093 /* IQKeyboardManagerSwift */; };
		F26C22342B78BFBD00440093 /* HomeVC.swift in Sources */ = {isa = PBXBuildFile; fileRef = F26C22332B78BFBD00440093 /* HomeVC.swift */; };
		F26C22362B78BFC400440093 /* HomeVM.swift in Sources */ = {isa = PBXBuildFile; fileRef = F26C22352B78BFC400440093 /* HomeVM.swift */; };
		F26C223A2B78C57000440093 /* DetailVC.swift in Sources */ = {isa = PBXBuildFile; fileRef = F26C22392B78C57000440093 /* DetailVC.swift */; };
		F26C223C2B78C57B00440093 /* DetailVM.swift in Sources */ = {isa = PBXBuildFile; fileRef = F26C223B2B78C57B00440093 /* DetailVM.swift */; };
/* End PBXBuildFile section */

/* Begin PBXFileReference section */
		F26C22072B78BDFE00440093 /* Movie+iTunes.app */ = {isa = PBXFileReference; explicitFileType = wrapper.application; includeInIndex = 0; path = "Movie+iTunes.app"; sourceTree = BUILT_PRODUCTS_DIR; };
		F26C220A2B78BDFE00440093 /* AppDelegate.swift */ = {isa = PBXFileReference; lastKnownFileType = sourcecode.swift; path = AppDelegate.swift; sourceTree = "<group>"; };
		F26C220C2B78BDFE00440093 /* SceneDelegate.swift */ = {isa = PBXFileReference; lastKnownFileType = sourcecode.swift; path = SceneDelegate.swift; sourceTree = "<group>"; };
		F26C22132B78BE0000440093 /* Assets.xcassets */ = {isa = PBXFileReference; lastKnownFileType = folder.assetcatalog; path = Assets.xcassets; sourceTree = "<group>"; };
		F26C22162B78BE0000440093 /* Base */ = {isa = PBXFileReference; lastKnownFileType = file.storyboard; name = Base; path = Base.lproj/LaunchScreen.storyboard; sourceTree = "<group>"; };
		F26C22182B78BE0000440093 /* Info.plist */ = {isa = PBXFileReference; lastKnownFileType = text.plist.xml; path = Info.plist; sourceTree = "<group>"; };
		F26C22332B78BFBD00440093 /* HomeVC.swift */ = {isa = PBXFileReference; lastKnownFileType = sourcecode.swift; path = HomeVC.swift; sourceTree = "<group>"; };
		F26C22352B78BFC400440093 /* HomeVM.swift */ = {isa = PBXFileReference; lastKnownFileType = sourcecode.swift; path = HomeVM.swift; sourceTree = "<group>"; };
		F26C22392B78C57000440093 /* DetailVC.swift */ = {isa = PBXFileReference; lastKnownFileType = sourcecode.swift; path = DetailVC.swift; sourceTree = "<group>"; };
		F26C223B2B78C57B00440093 /* DetailVM.swift */ = {isa = PBXFileReference; lastKnownFileType = sourcecode.swift; path = DetailVM.swift; sourceTree = "<group>"; };
/* End PBXFileReference section */

/* Begin PBXFrameworksBuildPhase section */
		F26C22042B78BDFE00440093 /* Frameworks */ = {
			isa = PBXFrameworksBuildPhase;
			buildActionMask = 2147483647;
			files = (
				F26C22262B78BF3800440093 /* SnapKit in Frameworks */,
				F26C22232B78BF1800440093 /* Kingfisher in Frameworks */,
				F26C22202B78BE3F00440093 /* CombineCocoa in Frameworks */,
				F26C22282B78BF3800440093 /* SnapKit-Dynamic in Frameworks */,
				F26C222B2B78BF5C00440093 /* SkeletonView in Frameworks */,
				F26C222E2B78BF7900440093 /* IQKeyboardManagerSwift in Frameworks */,
			);
			runOnlyForDeploymentPostprocessing = 0;
		};
/* End PBXFrameworksBuildPhase section */

/* Begin PBXGroup section */
		F26C21FE2B78BDFE00440093 = {
			isa = PBXGroup;
			children = (
				F26C22092B78BDFE00440093 /* Movie+iTunes */,
				F26C22082B78BDFE00440093 /* Products */,
			);
			sourceTree = "<group>";
		};
		F26C22082B78BDFE00440093 /* Products */ = {
			isa = PBXGroup;
			children = (
				F26C22072B78BDFE00440093 /* Movie+iTunes.app */,
			);
			name = Products;
			sourceTree = "<group>";
		};
		F26C22092B78BDFE00440093 /* Movie+iTunes */ = {
			isa = PBXGroup;
			children = (
				F26C22302B78BFA700440093 /* Modules */,
				F26C222F2B78BF8700440093 /* Applications */,
				F26C22132B78BE0000440093 /* Assets.xcassets */,
				F26C22152B78BE0000440093 /* LaunchScreen.storyboard */,
				F26C22182B78BE0000440093 /* Info.plist */,
			);
			path = "Movie+iTunes";
			sourceTree = "<group>";
		};
		F26C222F2B78BF8700440093 /* Applications */ = {
			isa = PBXGroup;
			children = (
				F26C220A2B78BDFE00440093 /* AppDelegate.swift */,
				F26C220C2B78BDFE00440093 /* SceneDelegate.swift */,
			);
			path = Applications;
			sourceTree = "<group>";
		};
		F26C22302B78BFA700440093 /* Modules */ = {
			isa = PBXGroup;
			children = (
				F26C22372B78C54C00440093 /* Detail */,
				F26C22312B78BFAD00440093 /* Home */,
			);
			path = Modules;
			sourceTree = "<group>";
		};
		F26C22312B78BFAD00440093 /* Home */ = {
			isa = PBXGroup;
			children = (
				F26C22322B78BFB500440093 /* Presentation */,
			);
			path = Home;
			sourceTree = "<group>";
		};
		F26C22322B78BFB500440093 /* Presentation */ = {
			isa = PBXGroup;
			children = (
				F26C22332B78BFBD00440093 /* HomeVC.swift */,
				F26C22352B78BFC400440093 /* HomeVM.swift */,
			);
			path = Presentation;
			sourceTree = "<group>";
		};
		F26C22372B78C54C00440093 /* Detail */ = {
			isa = PBXGroup;
			children = (
				F26C22382B78C55B00440093 /* Presentation */,
			);
			path = Detail;
			sourceTree = "<group>";
		};
		F26C22382B78C55B00440093 /* Presentation */ = {
			isa = PBXGroup;
			children = (
				F26C22392B78C57000440093 /* DetailVC.swift */,
				F26C223B2B78C57B00440093 /* DetailVM.swift */,
			);
			path = Presentation;
			sourceTree = "<group>";
		};
/* End PBXGroup section */

/* Begin PBXNativeTarget section */
		F26C22062B78BDFE00440093 /* Movie+iTunes */ = {
			isa = PBXNativeTarget;
			buildConfigurationList = F26C221B2B78BE0000440093 /* Build configuration list for PBXNativeTarget "Movie+iTunes" */;
			buildPhases = (
				F26C22032B78BDFE00440093 /* Sources */,
				F26C22042B78BDFE00440093 /* Frameworks */,
				F26C22052B78BDFE00440093 /* Resources */,
			);
			buildRules = (
			);
			dependencies = (
			);
			name = "Movie+iTunes";
			packageProductDependencies = (
				F26C221F2B78BE3F00440093 /* CombineCocoa */,
				F26C22222B78BF1800440093 /* Kingfisher */,
				F26C22252B78BF3800440093 /* SnapKit */,
				F26C22272B78BF3800440093 /* SnapKit-Dynamic */,
				F26C222A2B78BF5C00440093 /* SkeletonView */,
				F26C222D2B78BF7900440093 /* IQKeyboardManagerSwift */,
			);
			productName = "Movie+iTunes";
			productReference = F26C22072B78BDFE00440093 /* Movie+iTunes.app */;
			productType = "com.apple.product-type.application";
		};
/* End PBXNativeTarget section */

/* Begin PBXProject section */
		F26C21FF2B78BDFE00440093 /* Project object */ = {
			isa = PBXProject;
			attributes = {
				BuildIndependentTargetsInParallel = 1;
				LastSwiftUpdateCheck = 1520;
				LastUpgradeCheck = 1520;
				TargetAttributes = {
					F26C22062B78BDFE00440093 = {
						CreatedOnToolsVersion = 15.2;
					};
				};
			};
			buildConfigurationList = F26C22022B78BDFE00440093 /* Build configuration list for PBXProject "Movie+iTunes" */;
			compatibilityVersion = "Xcode 14.0";
			developmentRegion = en;
			hasScannedForEncodings = 0;
			knownRegions = (
				en,
				Base,
			);
			mainGroup = F26C21FE2B78BDFE00440093;
			packageReferences = (
				F26C221E2B78BE3F00440093 /* XCRemoteSwiftPackageReference "CombineCocoa" */,
				F26C22212B78BF1800440093 /* XCRemoteSwiftPackageReference "Kingfisher" */,
				F26C22242B78BF3800440093 /* XCRemoteSwiftPackageReference "SnapKit" */,
				F26C22292B78BF5C00440093 /* XCRemoteSwiftPackageReference "SkeletonView" */,
				F26C222C2B78BF7900440093 /* XCRemoteSwiftPackageReference "IQKeyboardManager" */,
			);
			productRefGroup = F26C22082B78BDFE00440093 /* Products */;
			projectDirPath = "";
			projectRoot = "";
			targets = (
				F26C22062B78BDFE00440093 /* Movie+iTunes */,
			);
		};
/* End PBXProject section */

/* Begin PBXResourcesBuildPhase section */
		F26C22052B78BDFE00440093 /* Resources */ = {
			isa = PBXResourcesBuildPhase;
			buildActionMask = 2147483647;
			files = (
				F26C22172B78BE0000440093 /* LaunchScreen.storyboard in Resources */,
				F26C22142B78BE0000440093 /* Assets.xcassets in Resources */,
			);
			runOnlyForDeploymentPostprocessing = 0;
		};
/* End PBXResourcesBuildPhase section */

/* Begin PBXSourcesBuildPhase section */
		F26C22032B78BDFE00440093 /* Sources */ = {
			isa = PBXSourcesBuildPhase;
			buildActionMask = 2147483647;
			files = (
				F26C223A2B78C57000440093 /* DetailVC.swift in Sources */,
				F26C223C2B78C57B00440093 /* DetailVM.swift in Sources */,
				F26C22342B78BFBD00440093 /* HomeVC.swift in Sources */,
				F26C220B2B78BDFE00440093 /* AppDelegate.swift in Sources */,
				F26C220D2B78BDFE00440093 /* SceneDelegate.swift in Sources */,
				F26C22362B78BFC400440093 /* HomeVM.swift in Sources */,
			);
			runOnlyForDeploymentPostprocessing = 0;
		};
/* End PBXSourcesBuildPhase section */

/* Begin PBXVariantGroup section */
		F26C22152B78BE0000440093 /* LaunchScreen.storyboard */ = {
			isa = PBXVariantGroup;
			children = (
				F26C22162B78BE0000440093 /* Base */,
			);
			name = LaunchScreen.storyboard;
			sourceTree = "<group>";
		};
/* End PBXVariantGroup section */

/* Begin XCBuildConfiguration section */
		F26C22192B78BE0000440093 /* Debug */ = {
			isa = XCBuildConfiguration;
			buildSettings = {
				ALWAYS_SEARCH_USER_PATHS = NO;
				ASSETCATALOG_COMPILER_GENERATE_SWIFT_ASSET_SYMBOL_EXTENSIONS = YES;
				CLANG_ANALYZER_NONNULL = YES;
				CLANG_ANALYZER_NUMBER_OBJECT_CONVERSION = YES_AGGRESSIVE;
				CLANG_CXX_LANGUAGE_STANDARD = "gnu++20";
				CLANG_ENABLE_MODULES = YES;
				CLANG_ENABLE_OBJC_ARC = YES;
				CLANG_ENABLE_OBJC_WEAK = YES;
				CLANG_WARN_BLOCK_CAPTURE_AUTORELEASING = YES;
				CLANG_WARN_BOOL_CONVERSION = YES;
				CLANG_WARN_COMMA = YES;
				CLANG_WARN_CONSTANT_CONVERSION = YES;
				CLANG_WARN_DEPRECATED_OBJC_IMPLEMENTATIONS = YES;
				CLANG_WARN_DIRECT_OBJC_ISA_USAGE = YES_ERROR;
				CLANG_WARN_DOCUMENTATION_COMMENTS = YES;
				CLANG_WARN_EMPTY_BODY = YES;
				CLANG_WARN_ENUM_CONVERSION = YES;
				CLANG_WARN_INFINITE_RECURSION = YES;
				CLANG_WARN_INT_CONVERSION = YES;
				CLANG_WARN_NON_LITERAL_NULL_CONVERSION = YES;
				CLANG_WARN_OBJC_IMPLICIT_RETAIN_SELF = YES;
				CLANG_WARN_OBJC_LITERAL_CONVERSION = YES;
				CLANG_WARN_OBJC_ROOT_CLASS = YES_ERROR;
				CLANG_WARN_QUOTED_INCLUDE_IN_FRAMEWORK_HEADER = YES;
				CLANG_WARN_RANGE_LOOP_ANALYSIS = YES;
				CLANG_WARN_STRICT_PROTOTYPES = YES;
				CLANG_WARN_SUSPICIOUS_MOVE = YES;
				CLANG_WARN_UNGUARDED_AVAILABILITY = YES_AGGRESSIVE;
				CLANG_WARN_UNREACHABLE_CODE = YES;
				CLANG_WARN__DUPLICATE_METHOD_MATCH = YES;
				COPY_PHASE_STRIP = NO;
				DEBUG_INFORMATION_FORMAT = dwarf;
				ENABLE_STRICT_OBJC_MSGSEND = YES;
				ENABLE_TESTABILITY = YES;
				ENABLE_USER_SCRIPT_SANDBOXING = YES;
				GCC_C_LANGUAGE_STANDARD = gnu17;
				GCC_DYNAMIC_NO_PIC = NO;
				GCC_NO_COMMON_BLOCKS = YES;
				GCC_OPTIMIZATION_LEVEL = 0;
				GCC_PREPROCESSOR_DEFINITIONS = (
					"DEBUG=1",
					"$(inherited)",
				);
				GCC_WARN_64_TO_32_BIT_CONVERSION = YES;
				GCC_WARN_ABOUT_RETURN_TYPE = YES_ERROR;
				GCC_WARN_UNDECLARED_SELECTOR = YES;
				GCC_WARN_UNINITIALIZED_AUTOS = YES_AGGRESSIVE;
				GCC_WARN_UNUSED_FUNCTION = YES;
				GCC_WARN_UNUSED_VARIABLE = YES;
				IPHONEOS_DEPLOYMENT_TARGET = 17.2;
				LOCALIZATION_PREFERS_STRING_CATALOGS = YES;
				MTL_ENABLE_DEBUG_INFO = INCLUDE_SOURCE;
				MTL_FAST_MATH = YES;
				ONLY_ACTIVE_ARCH = YES;
				SDKROOT = iphoneos;
				SWIFT_ACTIVE_COMPILATION_CONDITIONS = "DEBUG $(inherited)";
				SWIFT_OPTIMIZATION_LEVEL = "-Onone";
			};
			name = Debug;
		};
		F26C221A2B78BE0000440093 /* Release */ = {
			isa = XCBuildConfiguration;
			buildSettings = {
				ALWAYS_SEARCH_USER_PATHS = NO;
				ASSETCATALOG_COMPILER_GENERATE_SWIFT_ASSET_SYMBOL_EXTENSIONS = YES;
				CLANG_ANALYZER_NONNULL = YES;
				CLANG_ANALYZER_NUMBER_OBJECT_CONVERSION = YES_AGGRESSIVE;
				CLANG_CXX_LANGUAGE_STANDARD = "gnu++20";
				CLANG_ENABLE_MODULES = YES;
				CLANG_ENABLE_OBJC_ARC = YES;
				CLANG_ENABLE_OBJC_WEAK = YES;
				CLANG_WARN_BLOCK_CAPTURE_AUTORELEASING = YES;
				CLANG_WARN_BOOL_CONVERSION = YES;
				CLANG_WARN_COMMA = YES;
				CLANG_WARN_CONSTANT_CONVERSION = YES;
				CLANG_WARN_DEPRECATED_OBJC_IMPLEMENTATIONS = YES;
				CLANG_WARN_DIRECT_OBJC_ISA_USAGE = YES_ERROR;
				CLANG_WARN_DOCUMENTATION_COMMENTS = YES;
				CLANG_WARN_EMPTY_BODY = YES;
				CLANG_WARN_ENUM_CONVERSION = YES;
				CLANG_WARN_INFINITE_RECURSION = YES;
				CLANG_WARN_INT_CONVERSION = YES;
				CLANG_WARN_NON_LITERAL_NULL_CONVERSION = YES;
				CLANG_WARN_OBJC_IMPLICIT_RETAIN_SELF = YES;
				CLANG_WARN_OBJC_LITERAL_CONVERSION = YES;
				CLANG_WARN_OBJC_ROOT_CLASS = YES_ERROR;
				CLANG_WARN_QUOTED_INCLUDE_IN_FRAMEWORK_HEADER = YES;
				CLANG_WARN_RANGE_LOOP_ANALYSIS = YES;
				CLANG_WARN_STRICT_PROTOTYPES = YES;
				CLANG_WARN_SUSPICIOUS_MOVE = YES;
				CLANG_WARN_UNGUARDED_AVAILABILITY = YES_AGGRESSIVE;
				CLANG_WARN_UNREACHABLE_CODE = YES;
				CLANG_WARN__DUPLICATE_METHOD_MATCH = YES;
				COPY_PHASE_STRIP = NO;
				DEBUG_INFORMATION_FORMAT = "dwarf-with-dsym";
				ENABLE_NS_ASSERTIONS = NO;
				ENABLE_STRICT_OBJC_MSGSEND = YES;
				ENABLE_USER_SCRIPT_SANDBOXING = YES;
				GCC_C_LANGUAGE_STANDARD = gnu17;
				GCC_NO_COMMON_BLOCKS = YES;
				GCC_WARN_64_TO_32_BIT_CONVERSION = YES;
				GCC_WARN_ABOUT_RETURN_TYPE = YES_ERROR;
				GCC_WARN_UNDECLARED_SELECTOR = YES;
				GCC_WARN_UNINITIALIZED_AUTOS = YES_AGGRESSIVE;
				GCC_WARN_UNUSED_FUNCTION = YES;
				GCC_WARN_UNUSED_VARIABLE = YES;
				IPHONEOS_DEPLOYMENT_TARGET = 17.2;
				LOCALIZATION_PREFERS_STRING_CATALOGS = YES;
				MTL_ENABLE_DEBUG_INFO = NO;
				MTL_FAST_MATH = YES;
				SDKROOT = iphoneos;
				SWIFT_COMPILATION_MODE = wholemodule;
				VALIDATE_PRODUCT = YES;
			};
			name = Release;
		};
		F26C221C2B78BE0000440093 /* Debug */ = {
			isa = XCBuildConfiguration;
			buildSettings = {
				ASSETCATALOG_COMPILER_APPICON_NAME = AppIcon;
				ASSETCATALOG_COMPILER_GLOBAL_ACCENT_COLOR_NAME = AccentColor;
				CODE_SIGN_STYLE = Automatic;
				CURRENT_PROJECT_VERSION = 1;
				DEVELOPMENT_TEAM = RMQNS23DVX;
				GENERATE_INFOPLIST_FILE = YES;
				INFOPLIST_FILE = "Movie+iTunes/Info.plist";
				INFOPLIST_KEY_UIApplicationSupportsIndirectInputEvents = YES;
				INFOPLIST_KEY_UILaunchStoryboardName = LaunchScreen;
				INFOPLIST_KEY_UISupportedInterfaceOrientations_iPad = "UIInterfaceOrientationPortrait UIInterfaceOrientationPortraitUpsideDown UIInterfaceOrientationLandscapeLeft UIInterfaceOrientationLandscapeRight";
				INFOPLIST_KEY_UISupportedInterfaceOrientations_iPhone = "UIInterfaceOrientationPortrait UIInterfaceOrientationLandscapeLeft UIInterfaceOrientationLandscapeRight";
				LD_RUNPATH_SEARCH_PATHS = (
					"$(inherited)",
					"@executable_path/Frameworks",
				);
				MARKETING_VERSION = 1.0;
				PRODUCT_BUNDLE_IDENTIFIER = "mike.Movie-iTunes";
				PRODUCT_NAME = "$(TARGET_NAME)";
				SWIFT_EMIT_LOC_STRINGS = YES;
				SWIFT_VERSION = 5.0;
				TARGETED_DEVICE_FAMILY = "1,2";
			};
			name = Debug;
		};
		F26C221D2B78BE0000440093 /* Release */ = {
			isa = XCBuildConfiguration;
			buildSettings = {
				ASSETCATALOG_COMPILER_APPICON_NAME = AppIcon;
				ASSETCATALOG_COMPILER_GLOBAL_ACCENT_COLOR_NAME = AccentColor;
				CODE_SIGN_STYLE = Automatic;
				CURRENT_PROJECT_VERSION = 1;
				DEVELOPMENT_TEAM = RMQNS23DVX;
				GENERATE_INFOPLIST_FILE = YES;
				INFOPLIST_FILE = "Movie+iTunes/Info.plist";
				INFOPLIST_KEY_UIApplicationSupportsIndirectInputEvents = YES;
				INFOPLIST_KEY_UILaunchStoryboardName = LaunchScreen;
				INFOPLIST_KEY_UISupportedInterfaceOrientations_iPad = "UIInterfaceOrientationPortrait UIInterfaceOrientationPortraitUpsideDown UIInterfaceOrientationLandscapeLeft UIInterfaceOrientationLandscapeRight";
				INFOPLIST_KEY_UISupportedInterfaceOrientations_iPhone = "UIInterfaceOrientationPortrait UIInterfaceOrientationLandscapeLeft UIInterfaceOrientationLandscapeRight";
				LD_RUNPATH_SEARCH_PATHS = (
					"$(inherited)",
					"@executable_path/Frameworks",
				);
				MARKETING_VERSION = 1.0;
				PRODUCT_BUNDLE_IDENTIFIER = "mike.Movie-iTunes";
				PRODUCT_NAME = "$(TARGET_NAME)";
				SWIFT_EMIT_LOC_STRINGS = YES;
				SWIFT_VERSION = 5.0;
				TARGETED_DEVICE_FAMILY = "1,2";
			};
			name = Release;
		};
/* End XCBuildConfiguration section */

/* Begin XCConfigurationList section */
		F26C22022B78BDFE00440093 /* Build configuration list for PBXProject "Movie+iTunes" */ = {
			isa = XCConfigurationList;
			buildConfigurations = (
				F26C22192B78BE0000440093 /* Debug */,
				F26C221A2B78BE0000440093 /* Release */,
			);
			defaultConfigurationIsVisible = 0;
			defaultConfigurationName = Release;
		};
		F26C221B2B78BE0000440093 /* Build configuration list for PBXNativeTarget "Movie+iTunes" */ = {
			isa = XCConfigurationList;
			buildConfigurations = (
				F26C221C2B78BE0000440093 /* Debug */,
				F26C221D2B78BE0000440093 /* Release */,
			);
			defaultConfigurationIsVisible = 0;
			defaultConfigurationName = Release;
		};
/* End XCConfigurationList section */

/* Begin XCRemoteSwiftPackageReference section */
		F26C221E2B78BE3F00440093 /* XCRemoteSwiftPackageReference "CombineCocoa" */ = {
			isa = XCRemoteSwiftPackageReference;
			repositoryURL = "https://github.com/CombineCommunity/CombineCocoa";
			requirement = {
				kind = upToNextMajorVersion;
				minimumVersion = 0.4.1;
			};
		};
		F26C22212B78BF1800440093 /* XCRemoteSwiftPackageReference "Kingfisher" */ = {
			isa = XCRemoteSwiftPackageReference;
			repositoryURL = "https://github.com/onevcat/Kingfisher.git";
			requirement = {
				kind = upToNextMajorVersion;
				minimumVersion = 7.10.2;
			};
		};
		F26C22242B78BF3800440093 /* XCRemoteSwiftPackageReference "SnapKit" */ = {
			isa = XCRemoteSwiftPackageReference;
			repositoryURL = "https://github.com/SnapKit/SnapKit.git";
			requirement = {
				kind = upToNextMajorVersion;
				minimumVersion = 5.7.0;
			};
		};
		F26C22292B78BF5C00440093 /* XCRemoteSwiftPackageReference "SkeletonView" */ = {
			isa = XCRemoteSwiftPackageReference;
			repositoryURL = "https://github.com/Juanpe/SkeletonView.git";
			requirement = {
				kind = upToNextMajorVersion;
				minimumVersion = 1.30.4;
			};
		};
		F26C222C2B78BF7900440093 /* XCRemoteSwiftPackageReference "IQKeyboardManager" */ = {
			isa = XCRemoteSwiftPackageReference;
			repositoryURL = "https://github.com/hackiftekhar/IQKeyboardManager.git";
			requirement = {
				kind = upToNextMajorVersion;
				minimumVersion = 7.0.1;
			};
		};
/* End XCRemoteSwiftPackageReference section */

/* Begin XCSwiftPackageProductDependency section */
		F26C221F2B78BE3F00440093 /* CombineCocoa */ = {
			isa = XCSwiftPackageProductDependency;
			package = F26C221E2B78BE3F00440093 /* XCRemoteSwiftPackageReference "CombineCocoa" */;
			productName = CombineCocoa;
		};
		F26C22222B78BF1800440093 /* Kingfisher */ = {
			isa = XCSwiftPackageProductDependency;
			package = F26C22212B78BF1800440093 /* XCRemoteSwiftPackageReference "Kingfisher" */;
			productName = Kingfisher;
		};
		F26C22252B78BF3800440093 /* SnapKit */ = {
			isa = XCSwiftPackageProductDependency;
			package = F26C22242B78BF3800440093 /* XCRemoteSwiftPackageReference "SnapKit" */;
			productName = SnapKit;
		};
		F26C22272B78BF3800440093 /* SnapKit-Dynamic */ = {
			isa = XCSwiftPackageProductDependency;
			package = F26C22242B78BF3800440093 /* XCRemoteSwiftPackageReference "SnapKit" */;
			productName = "SnapKit-Dynamic";
		};
		F26C222A2B78BF5C00440093 /* SkeletonView */ = {
			isa = XCSwiftPackageProductDependency;
			package = F26C22292B78BF5C00440093 /* XCRemoteSwiftPackageReference "SkeletonView" */;
			productName = SkeletonView;
		};
		F26C222D2B78BF7900440093 /* IQKeyboardManagerSwift */ = {
			isa = XCSwiftPackageProductDependency;
			package = F26C222C2B78BF7900440093 /* XCRemoteSwiftPackageReference "IQKeyboardManager" */;
			productName = IQKeyboardManagerSwift;
		};
/* End XCSwiftPackageProductDependency section */
	};
	rootObject = F26C21FF2B78BDFE00440093 /* Project object */;
}
