// !$*UTF8*$!
{
	archiveVersion = 1;
	classes = {
	};
	objectVersion = 56;
	objects = {

/* Begin PBXBuildFile section */
		01571682D2DACFDE0682B1B5 /* Pods_Movie_iTunes.framework in Frameworks */ = {isa = PBXBuildFile; fileRef = 164F04C8DA7D877158A2DB29 /* Pods_Movie_iTunes.framework */; };
		F21B45B02B78C8A800CA283C /* DependencyManager.swift in Sources */ = {isa = PBXBuildFile; fileRef = F21B45AF2B78C8A800CA283C /* DependencyManager.swift */; };
		F21B45B22B78C8C500CA283C /* AtlasDependencyManager.swift in Sources */ = {isa = PBXBuildFile; fileRef = F21B45B12B78C8C500CA283C /* AtlasDependencyManager.swift */; };
		F21B45B42B78C91500CA283C /* ImageDependencyManager.swift in Sources */ = {isa = PBXBuildFile; fileRef = F21B45B32B78C91500CA283C /* ImageDependencyManager.swift */; };
		F21B45B82B78C98E00CA283C /* UIColor+Ext.swift in Sources */ = {isa = PBXBuildFile; fileRef = F21B45B72B78C98E00CA283C /* UIColor+Ext.swift */; };
		F21B45BB2B78CAE500CA283C /* Combine+CancelBag.swift in Sources */ = {isa = PBXBuildFile; fileRef = F21B45BA2B78CAE500CA283C /* Combine+CancelBag.swift */; };
		F21B45BD2B78CDED00CA283C /* SectionedArray.swift in Sources */ = {isa = PBXBuildFile; fileRef = F21B45BC2B78CDED00CA283C /* SectionedArray.swift */; };
		F21B45BF2B78CEA000CA283C /* ColumnFlowLayout.swift in Sources */ = {isa = PBXBuildFile; fileRef = F21B45BE2B78CEA000CA283C /* ColumnFlowLayout.swift */; };
		F21B45C32B78CFD000CA283C /* HomeUseCase.swift in Sources */ = {isa = PBXBuildFile; fileRef = F21B45C22B78CFD000CA283C /* HomeUseCase.swift */; };
		F21B45C62B78D02200CA283C /* Movie.swift in Sources */ = {isa = PBXBuildFile; fileRef = F21B45C52B78D02200CA283C /* Movie.swift */; };
		F21B45C92B78DD2D00CA283C /* HomeFavoriteCell.swift in Sources */ = {isa = PBXBuildFile; fileRef = F21B45C82B78DD2D00CA283C /* HomeFavoriteCell.swift */; };
		F21B45CB2B78DDA500CA283C /* NSObject+Identifier.swift in Sources */ = {isa = PBXBuildFile; fileRef = F21B45CA2B78DDA500CA283C /* NSObject+Identifier.swift */; };
		F21B45D12B78EB2E00CA283C /* HomeListCell.swift in Sources */ = {isa = PBXBuildFile; fileRef = F21B45D02B78EB2E00CA283C /* HomeListCell.swift */; };
		F21B45D32B78EB3C00CA283C /* HomeListContentCell.swift in Sources */ = {isa = PBXBuildFile; fileRef = F21B45D22B78EB3C00CA283C /* HomeListContentCell.swift */; };
		F21B45ED2B78F6AB00CA283C /* Networking.h in Headers */ = {isa = PBXBuildFile; fileRef = F21B45EC2B78F6AB00CA283C /* Networking.h */; settings = {ATTRIBUTES = (Public, ); }; };
		F21B45F02B78F6AB00CA283C /* Networking.framework in Frameworks */ = {isa = PBXBuildFile; fileRef = F21B45EA2B78F6AB00CA283C /* Networking.framework */; };
		F21B45F12B78F6AB00CA283C /* Networking.framework in Embed Frameworks */ = {isa = PBXBuildFile; fileRef = F21B45EA2B78F6AB00CA283C /* Networking.framework */; settings = {ATTRIBUTES = (CodeSignOnCopy, RemoveHeadersOnCopy, ); }; };
		F21B45F62B78F6C000CA283C /* APIRequest.swift in Sources */ = {isa = PBXBuildFile; fileRef = F21B45F52B78F6C000CA283C /* APIRequest.swift */; };
		F21B45F82B78F6D100CA283C /* NetworkResult.swift in Sources */ = {isa = PBXBuildFile; fileRef = F21B45F72B78F6D100CA283C /* NetworkResult.swift */; };
		F21B45FA2B78F6DE00CA283C /* Networking.swift in Sources */ = {isa = PBXBuildFile; fileRef = F21B45F92B78F6DE00CA283C /* Networking.swift */; };
		F21B45FC2B78F6F300CA283C /* Reachability.swift in Sources */ = {isa = PBXBuildFile; fileRef = F21B45FB2B78F6F300CA283C /* Reachability.swift */; };
		F21B46022B78F77800CA283C /* MovieRepository.swift in Sources */ = {isa = PBXBuildFile; fileRef = F21B46012B78F77800CA283C /* MovieRepository.swift */; };
		F21B46042B78F8DC00CA283C /* SearchMovieRequest.swift in Sources */ = {isa = PBXBuildFile; fileRef = F21B46032B78F8DC00CA283C /* SearchMovieRequest.swift */; };
		F21B46082B78F9A800CA283C /* Constant.swift in Sources */ = {isa = PBXBuildFile; fileRef = F21B46072B78F9A800CA283C /* Constant.swift */; };
		F21B460A2B78FA5E00CA283C /* APIConfig.swift in Sources */ = {isa = PBXBuildFile; fileRef = F21B46092B78FA5E00CA283C /* APIConfig.swift */; };
		F21B460C2B78FACA00CA283C /* MovieResponse.swift in Sources */ = {isa = PBXBuildFile; fileRef = F21B460B2B78FACA00CA283C /* MovieResponse.swift */; };
		F21B461D2B79203000CA283C /* MovieDataModel.xcdatamodeld in Sources */ = {isa = PBXBuildFile; fileRef = F21B461B2B79203000CA283C /* MovieDataModel.xcdatamodeld */; };
		F21B46202B79208200CA283C /* MoviePersistence+CoreDataClass.swift in Sources */ = {isa = PBXBuildFile; fileRef = F21B461E2B79208200CA283C /* MoviePersistence+CoreDataClass.swift */; };
		F21B46212B79208200CA283C /* MoviePersistence+CoreDataProperties.swift in Sources */ = {isa = PBXBuildFile; fileRef = F21B461F2B79208200CA283C /* MoviePersistence+CoreDataProperties.swift */; };
		F21B462A2B7922E900CA283C /* Persistence.h in Headers */ = {isa = PBXBuildFile; fileRef = F21B46292B7922E900CA283C /* Persistence.h */; settings = {ATTRIBUTES = (Public, ); }; };
		F21B462D2B7922E900CA283C /* Persistence.framework in Frameworks */ = {isa = PBXBuildFile; fileRef = F21B46272B7922E900CA283C /* Persistence.framework */; };
		F21B462E2B7922E900CA283C /* Persistence.framework in Embed Frameworks */ = {isa = PBXBuildFile; fileRef = F21B46272B7922E900CA283C /* Persistence.framework */; settings = {ATTRIBUTES = (CodeSignOnCopy, RemoveHeadersOnCopy, ); }; };
		F21B46332B7922F200CA283C /* CoreDataManager.swift in Sources */ = {isa = PBXBuildFile; fileRef = F21B46322B7922F200CA283C /* CoreDataManager.swift */; };
		F21B465D2B7AC1A100CA283C /* Toast.swift in Sources */ = {isa = PBXBuildFile; fileRef = F21B465C2B7AC1A100CA283C /* Toast.swift */; };
		F21B46762B7AC3E500CA283C /* UIApplication+TopMostVC.swift in Sources */ = {isa = PBXBuildFile; fileRef = F21B46752B7AC3E500CA283C /* UIApplication+TopMostVC.swift */; };
		F21B46792B7AC4F500CA283C /* Atlas.swift in Sources */ = {isa = PBXBuildFile; fileRef = F21B46782B7AC4F500CA283C /* Atlas.swift */; };
		F21B468E2B7CEB4700CA283C /* HomeErrorCell.swift in Sources */ = {isa = PBXBuildFile; fileRef = F21B468D2B7CEB4700CA283C /* HomeErrorCell.swift */; };
		F21B46902B7CEC3200CA283C /* HomeErrorType.swift in Sources */ = {isa = PBXBuildFile; fileRef = F21B468F2B7CEC3200CA283C /* HomeErrorType.swift */; };
		F21B46922B7CEC4100CA283C /* SectionTap.swift in Sources */ = {isa = PBXBuildFile; fileRef = F21B46912B7CEC4100CA283C /* SectionTap.swift */; };
		F21B46942B7CF5E800CA283C /* HomeFavoriteContentCell.swift in Sources */ = {isa = PBXBuildFile; fileRef = F21B46932B7CF5E800CA283C /* HomeFavoriteContentCell.swift */; };
		F21B46972B7D0C5400CA283C /* DescriptionCell.swift in Sources */ = {isa = PBXBuildFile; fileRef = F21B46962B7D0C5400CA283C /* DescriptionCell.swift */; };
		F26C220B2B78BDFE00440093 /* AppDelegate.swift in Sources */ = {isa = PBXBuildFile; fileRef = F26C220A2B78BDFE00440093 /* AppDelegate.swift */; };
		F26C220D2B78BDFE00440093 /* SceneDelegate.swift in Sources */ = {isa = PBXBuildFile; fileRef = F26C220C2B78BDFE00440093 /* SceneDelegate.swift */; };
		F26C22142B78BE0000440093 /* Assets.xcassets in Resources */ = {isa = PBXBuildFile; fileRef = F26C22132B78BE0000440093 /* Assets.xcassets */; };
		F26C22172B78BE0000440093 /* LaunchScreen.storyboard in Resources */ = {isa = PBXBuildFile; fileRef = F26C22152B78BE0000440093 /* LaunchScreen.storyboard */; };
		F26C22342B78BFBD00440093 /* HomeVC.swift in Sources */ = {isa = PBXBuildFile; fileRef = F26C22332B78BFBD00440093 /* HomeVC.swift */; };
		F26C22362B78BFC400440093 /* HomeVM.swift in Sources */ = {isa = PBXBuildFile; fileRef = F26C22352B78BFC400440093 /* HomeVM.swift */; };
		F26C223A2B78C57000440093 /* DetailVC.swift in Sources */ = {isa = PBXBuildFile; fileRef = F26C22392B78C57000440093 /* DetailVC.swift */; };
		F26C223C2B78C57B00440093 /* DetailVM.swift in Sources */ = {isa = PBXBuildFile; fileRef = F26C223B2B78C57B00440093 /* DetailVM.swift */; };
		F2D235782B7D579E006F2EAA /* TrailerCell.swift in Sources */ = {isa = PBXBuildFile; fileRef = F2D235772B7D579E006F2EAA /* TrailerCell.swift */; };
/* End PBXBuildFile section */

/* Begin PBXContainerItemProxy section */
		F21B45EE2B78F6AB00CA283C /* PBXContainerItemProxy */ = {
			isa = PBXContainerItemProxy;
			containerPortal = F26C21FF2B78BDFE00440093 /* Project object */;
			proxyType = 1;
			remoteGlobalIDString = F21B45E92B78F6AB00CA283C;
			remoteInfo = Networking;
		};
		F21B462B2B7922E900CA283C /* PBXContainerItemProxy */ = {
			isa = PBXContainerItemProxy;
			containerPortal = F26C21FF2B78BDFE00440093 /* Project object */;
			proxyType = 1;
			remoteGlobalIDString = F21B46262B7922E900CA283C;
			remoteInfo = Persistence;
		};
/* End PBXContainerItemProxy section */

/* Begin PBXCopyFilesBuildPhase section */
		F21B45E42B78F68200CA283C /* Embed Frameworks */ = {
			isa = PBXCopyFilesBuildPhase;
			buildActionMask = 2147483647;
			dstPath = "";
			dstSubfolderSpec = 10;
			files = (
				F21B462E2B7922E900CA283C /* Persistence.framework in Embed Frameworks */,
				F21B45F12B78F6AB00CA283C /* Networking.framework in Embed Frameworks */,
			);
			name = "Embed Frameworks";
			runOnlyForDeploymentPostprocessing = 0;
		};
/* End PBXCopyFilesBuildPhase section */

/* Begin PBXFileReference section */
		164F04C8DA7D877158A2DB29 /* Pods_Movie_iTunes.framework */ = {isa = PBXFileReference; explicitFileType = wrapper.framework; includeInIndex = 0; path = Pods_Movie_iTunes.framework; sourceTree = BUILT_PRODUCTS_DIR; };
		D9F2FEDC223465329DCA6B54 /* Pods-Movie+iTunes.debug.xcconfig */ = {isa = PBXFileReference; includeInIndex = 1; lastKnownFileType = text.xcconfig; name = "Pods-Movie+iTunes.debug.xcconfig"; path = "Target Support Files/Pods-Movie+iTunes/Pods-Movie+iTunes.debug.xcconfig"; sourceTree = "<group>"; };
		F21B45AF2B78C8A800CA283C /* DependencyManager.swift */ = {isa = PBXFileReference; lastKnownFileType = sourcecode.swift; path = DependencyManager.swift; sourceTree = "<group>"; };
		F21B45B12B78C8C500CA283C /* AtlasDependencyManager.swift */ = {isa = PBXFileReference; lastKnownFileType = sourcecode.swift; path = AtlasDependencyManager.swift; sourceTree = "<group>"; };
		F21B45B32B78C91500CA283C /* ImageDependencyManager.swift */ = {isa = PBXFileReference; lastKnownFileType = sourcecode.swift; path = ImageDependencyManager.swift; sourceTree = "<group>"; };
		F21B45B72B78C98E00CA283C /* UIColor+Ext.swift */ = {isa = PBXFileReference; lastKnownFileType = sourcecode.swift; path = "UIColor+Ext.swift"; sourceTree = "<group>"; };
		F21B45BA2B78CAE500CA283C /* Combine+CancelBag.swift */ = {isa = PBXFileReference; lastKnownFileType = sourcecode.swift; path = "Combine+CancelBag.swift"; sourceTree = "<group>"; };
		F21B45BC2B78CDED00CA283C /* SectionedArray.swift */ = {isa = PBXFileReference; lastKnownFileType = sourcecode.swift; path = SectionedArray.swift; sourceTree = "<group>"; };
		F21B45BE2B78CEA000CA283C /* ColumnFlowLayout.swift */ = {isa = PBXFileReference; lastKnownFileType = sourcecode.swift; path = ColumnFlowLayout.swift; sourceTree = "<group>"; };
		F21B45C22B78CFD000CA283C /* HomeUseCase.swift */ = {isa = PBXFileReference; lastKnownFileType = sourcecode.swift; path = HomeUseCase.swift; sourceTree = "<group>"; };
		F21B45C52B78D02200CA283C /* Movie.swift */ = {isa = PBXFileReference; lastKnownFileType = sourcecode.swift; path = Movie.swift; sourceTree = "<group>"; };
		F21B45C82B78DD2D00CA283C /* HomeFavoriteCell.swift */ = {isa = PBXFileReference; lastKnownFileType = sourcecode.swift; path = HomeFavoriteCell.swift; sourceTree = "<group>"; };
		F21B45CA2B78DDA500CA283C /* NSObject+Identifier.swift */ = {isa = PBXFileReference; lastKnownFileType = sourcecode.swift; path = "NSObject+Identifier.swift"; sourceTree = "<group>"; };
		F21B45D02B78EB2E00CA283C /* HomeListCell.swift */ = {isa = PBXFileReference; lastKnownFileType = sourcecode.swift; path = HomeListCell.swift; sourceTree = "<group>"; };
		F21B45D22B78EB3C00CA283C /* HomeListContentCell.swift */ = {isa = PBXFileReference; lastKnownFileType = sourcecode.swift; path = HomeListContentCell.swift; sourceTree = "<group>"; };
		F21B45EA2B78F6AB00CA283C /* Networking.framework */ = {isa = PBXFileReference; explicitFileType = wrapper.framework; includeInIndex = 0; path = Networking.framework; sourceTree = BUILT_PRODUCTS_DIR; };
		F21B45EC2B78F6AB00CA283C /* Networking.h */ = {isa = PBXFileReference; lastKnownFileType = sourcecode.c.h; path = Networking.h; sourceTree = "<group>"; };
		F21B45F52B78F6C000CA283C /* APIRequest.swift */ = {isa = PBXFileReference; lastKnownFileType = sourcecode.swift; path = APIRequest.swift; sourceTree = "<group>"; };
		F21B45F72B78F6D100CA283C /* NetworkResult.swift */ = {isa = PBXFileReference; lastKnownFileType = sourcecode.swift; path = NetworkResult.swift; sourceTree = "<group>"; };
		F21B45F92B78F6DE00CA283C /* Networking.swift */ = {isa = PBXFileReference; lastKnownFileType = sourcecode.swift; path = Networking.swift; sourceTree = "<group>"; };
		F21B45FB2B78F6F300CA283C /* Reachability.swift */ = {isa = PBXFileReference; lastKnownFileType = sourcecode.swift; path = Reachability.swift; sourceTree = "<group>"; };
		F21B46012B78F77800CA283C /* MovieRepository.swift */ = {isa = PBXFileReference; lastKnownFileType = sourcecode.swift; path = MovieRepository.swift; sourceTree = "<group>"; };
		F21B46032B78F8DC00CA283C /* SearchMovieRequest.swift */ = {isa = PBXFileReference; lastKnownFileType = sourcecode.swift; path = SearchMovieRequest.swift; sourceTree = "<group>"; };
		F21B46072B78F9A800CA283C /* Constant.swift */ = {isa = PBXFileReference; lastKnownFileType = sourcecode.swift; path = Constant.swift; sourceTree = "<group>"; };
		F21B46092B78FA5E00CA283C /* APIConfig.swift */ = {isa = PBXFileReference; lastKnownFileType = sourcecode.swift; path = APIConfig.swift; sourceTree = "<group>"; };
		F21B460B2B78FACA00CA283C /* MovieResponse.swift */ = {isa = PBXFileReference; lastKnownFileType = sourcecode.swift; path = MovieResponse.swift; sourceTree = "<group>"; };
		F21B461C2B79203000CA283C /* MovieDataModel.xcdatamodel */ = {isa = PBXFileReference; lastKnownFileType = wrapper.xcdatamodel; path = MovieDataModel.xcdatamodel; sourceTree = "<group>"; };
		F21B461E2B79208200CA283C /* MoviePersistence+CoreDataClass.swift */ = {isa = PBXFileReference; lastKnownFileType = sourcecode.swift; path = "MoviePersistence+CoreDataClass.swift"; sourceTree = "<group>"; };
		F21B461F2B79208200CA283C /* MoviePersistence+CoreDataProperties.swift */ = {isa = PBXFileReference; lastKnownFileType = sourcecode.swift; path = "MoviePersistence+CoreDataProperties.swift"; sourceTree = "<group>"; };
		F21B46272B7922E900CA283C /* Persistence.framework */ = {isa = PBXFileReference; explicitFileType = wrapper.framework; includeInIndex = 0; path = Persistence.framework; sourceTree = BUILT_PRODUCTS_DIR; };
		F21B46292B7922E900CA283C /* Persistence.h */ = {isa = PBXFileReference; lastKnownFileType = sourcecode.c.h; path = Persistence.h; sourceTree = "<group>"; };
		F21B46322B7922F200CA283C /* CoreDataManager.swift */ = {isa = PBXFileReference; lastKnownFileType = sourcecode.swift; path = CoreDataManager.swift; sourceTree = "<group>"; };
		F21B465C2B7AC1A100CA283C /* Toast.swift */ = {isa = PBXFileReference; lastKnownFileType = sourcecode.swift; path = Toast.swift; sourceTree = "<group>"; };
		F21B46752B7AC3E500CA283C /* UIApplication+TopMostVC.swift */ = {isa = PBXFileReference; lastKnownFileType = sourcecode.swift; path = "UIApplication+TopMostVC.swift"; sourceTree = "<group>"; };
		F21B46782B7AC4F500CA283C /* Atlas.swift */ = {isa = PBXFileReference; lastKnownFileType = sourcecode.swift; path = Atlas.swift; sourceTree = "<group>"; };
		F21B468D2B7CEB4700CA283C /* HomeErrorCell.swift */ = {isa = PBXFileReference; lastKnownFileType = sourcecode.swift; path = HomeErrorCell.swift; sourceTree = "<group>"; };
		F21B468F2B7CEC3200CA283C /* HomeErrorType.swift */ = {isa = PBXFileReference; lastKnownFileType = sourcecode.swift; path = HomeErrorType.swift; sourceTree = "<group>"; };
		F21B46912B7CEC4100CA283C /* SectionTap.swift */ = {isa = PBXFileReference; lastKnownFileType = sourcecode.swift; path = SectionTap.swift; sourceTree = "<group>"; };
		F21B46932B7CF5E800CA283C /* HomeFavoriteContentCell.swift */ = {isa = PBXFileReference; lastKnownFileType = sourcecode.swift; path = HomeFavoriteContentCell.swift; sourceTree = "<group>"; };
		F21B46962B7D0C5400CA283C /* DescriptionCell.swift */ = {isa = PBXFileReference; lastKnownFileType = sourcecode.swift; path = DescriptionCell.swift; sourceTree = "<group>"; };
		F26C22072B78BDFE00440093 /* Movie+iTunes.app */ = {isa = PBXFileReference; explicitFileType = wrapper.application; includeInIndex = 0; path = "Movie+iTunes.app"; sourceTree = BUILT_PRODUCTS_DIR; };
		F26C220A2B78BDFE00440093 /* AppDelegate.swift */ = {isa = PBXFileReference; lastKnownFileType = sourcecode.swift; path = AppDelegate.swift; sourceTree = "<group>"; };
		F26C220C2B78BDFE00440093 /* SceneDelegate.swift */ = {isa = PBXFileReference; lastKnownFileType = sourcecode.swift; path = SceneDelegate.swift; sourceTree = "<group>"; };
		F26C22132B78BE0000440093 /* Assets.xcassets */ = {isa = PBXFileReference; lastKnownFileType = folder.assetcatalog; path = Assets.xcassets; sourceTree = "<group>"; };
		F26C22162B78BE0000440093 /* Base */ = {isa = PBXFileReference; lastKnownFileType = file.storyboard; name = Base; path = Base.lproj/LaunchScreen.storyboard; sourceTree = "<group>"; };
		F26C22182B78BE0000440093 /* Info.plist */ = {isa = PBXFileReference; lastKnownFileType = text.plist.xml; path = Info.plist; sourceTree = "<group>"; };
		F26C22332B78BFBD00440093 /* HomeVC.swift */ = {isa = PBXFileReference; lastKnownFileType = sourcecode.swift; path = HomeVC.swift; sourceTree = "<group>"; };
		F26C22352B78BFC400440093 /* HomeVM.swift */ = {isa = PBXFileReference; lastKnownFileType = sourcecode.swift; path = HomeVM.swift; sourceTree = "<group>"; };
		F26C22392B78C57000440093 /* DetailVC.swift */ = {isa = PBXFileReference; lastKnownFileType = sourcecode.swift; path = DetailVC.swift; sourceTree = "<group>"; };
		F26C223B2B78C57B00440093 /* DetailVM.swift */ = {isa = PBXFileReference; lastKnownFileType = sourcecode.swift; path = DetailVM.swift; sourceTree = "<group>"; };
		F2D235772B7D579E006F2EAA /* TrailerCell.swift */ = {isa = PBXFileReference; lastKnownFileType = sourcecode.swift; path = TrailerCell.swift; sourceTree = "<group>"; };
		FBC074ECBFD32C95B3BA9982 /* Pods-Movie+iTunes.release.xcconfig */ = {isa = PBXFileReference; includeInIndex = 1; lastKnownFileType = text.xcconfig; name = "Pods-Movie+iTunes.release.xcconfig"; path = "Target Support Files/Pods-Movie+iTunes/Pods-Movie+iTunes.release.xcconfig"; sourceTree = "<group>"; };
/* End PBXFileReference section */

/* Begin PBXFrameworksBuildPhase section */
		F21B45E72B78F6AB00CA283C /* Frameworks */ = {
			isa = PBXFrameworksBuildPhase;
			buildActionMask = 2147483647;
			files = (
			);
			runOnlyForDeploymentPostprocessing = 0;
		};
		F21B46242B7922E900CA283C /* Frameworks */ = {
			isa = PBXFrameworksBuildPhase;
			buildActionMask = 2147483647;
			files = (
			);
			runOnlyForDeploymentPostprocessing = 0;
		};
		F26C22042B78BDFE00440093 /* Frameworks */ = {
			isa = PBXFrameworksBuildPhase;
			buildActionMask = 2147483647;
			files = (
				F21B462D2B7922E900CA283C /* Persistence.framework in Frameworks */,
				F21B45F02B78F6AB00CA283C /* Networking.framework in Frameworks */,
				01571682D2DACFDE0682B1B5 /* Pods_Movie_iTunes.framework in Frameworks */,
			);
			runOnlyForDeploymentPostprocessing = 0;
		};
/* End PBXFrameworksBuildPhase section */

/* Begin PBXGroup section */
		A50856FD0E1BF095A20D53A1 /* Pods */ = {
			isa = PBXGroup;
			children = (
				D9F2FEDC223465329DCA6B54 /* Pods-Movie+iTunes.debug.xcconfig */,
				FBC074ECBFD32C95B3BA9982 /* Pods-Movie+iTunes.release.xcconfig */,
			);
			path = Pods;
			sourceTree = "<group>";
		};
		F21B45AE2B78C89B00CA283C /* DependencyManager */ = {
			isa = PBXGroup;
			children = (
				F21B45AF2B78C8A800CA283C /* DependencyManager.swift */,
				F21B45B12B78C8C500CA283C /* AtlasDependencyManager.swift */,
				F21B45B32B78C91500CA283C /* ImageDependencyManager.swift */,
			);
			path = DependencyManager;
			sourceTree = "<group>";
		};
		F21B45B52B78C97000CA283C /* Domain */ = {
			isa = PBXGroup;
			children = (
				F21B46772B7AC4EF00CA283C /* Atlas */,
				F21B46582B7AC15A00CA283C /* Components */,
				F21B45B92B78CAD600CA283C /* Utils */,
				F21B45B62B78C97B00CA283C /* Extensions */,
			);
			path = Domain;
			sourceTree = "<group>";
		};
		F21B45B62B78C97B00CA283C /* Extensions */ = {
			isa = PBXGroup;
			children = (
				F21B45B72B78C98E00CA283C /* UIColor+Ext.swift */,
				F21B45CA2B78DDA500CA283C /* NSObject+Identifier.swift */,
				F21B46752B7AC3E500CA283C /* UIApplication+TopMostVC.swift */,
			);
			path = Extensions;
			sourceTree = "<group>";
		};
		F21B45B92B78CAD600CA283C /* Utils */ = {
			isa = PBXGroup;
			children = (
				F21B45BA2B78CAE500CA283C /* Combine+CancelBag.swift */,
				F21B45BE2B78CEA000CA283C /* ColumnFlowLayout.swift */,
				F21B45BC2B78CDED00CA283C /* SectionedArray.swift */,
				F21B46072B78F9A800CA283C /* Constant.swift */,
				F21B46092B78FA5E00CA283C /* APIConfig.swift */,
			);
			path = Utils;
			sourceTree = "<group>";
		};
		F21B45C02B78CFB500CA283C /* Domain */ = {
			isa = PBXGroup;
			children = (
				F21B45C42B78D01600CA283C /* Entities */,
				F21B45C12B78CFBB00CA283C /* UseCases */,
			);
			path = Domain;
			sourceTree = "<group>";
		};
		F21B45C12B78CFBB00CA283C /* UseCases */ = {
			isa = PBXGroup;
			children = (
				F21B45C22B78CFD000CA283C /* HomeUseCase.swift */,
			);
			path = UseCases;
			sourceTree = "<group>";
		};
		F21B45C42B78D01600CA283C /* Entities */ = {
			isa = PBXGroup;
			children = (
				F21B45C52B78D02200CA283C /* Movie.swift */,
				F21B468F2B7CEC3200CA283C /* HomeErrorType.swift */,
				F21B46912B7CEC4100CA283C /* SectionTap.swift */,
			);
			path = Entities;
			sourceTree = "<group>";
		};
		F21B45C72B78DCD900CA283C /* Views */ = {
			isa = PBXGroup;
			children = (
				F21B45CF2B78EB1F00CA283C /* Lists */,
				F21B45CC2B78E1BC00CA283C /* Favorites */,
			);
			path = Views;
			sourceTree = "<group>";
		};
		F21B45CC2B78E1BC00CA283C /* Favorites */ = {
			isa = PBXGroup;
			children = (
				F21B45C82B78DD2D00CA283C /* HomeFavoriteCell.swift */,
				F21B46932B7CF5E800CA283C /* HomeFavoriteContentCell.swift */,
			);
			path = Favorites;
			sourceTree = "<group>";
		};
		F21B45CF2B78EB1F00CA283C /* Lists */ = {
			isa = PBXGroup;
			children = (
				F21B45D02B78EB2E00CA283C /* HomeListCell.swift */,
				F21B468D2B7CEB4700CA283C /* HomeErrorCell.swift */,
				F21B45D22B78EB3C00CA283C /* HomeListContentCell.swift */,
			);
			path = Lists;
			sourceTree = "<group>";
		};
		F21B45EB2B78F6AB00CA283C /* Networking */ = {
			isa = PBXGroup;
			children = (
				F21B45EC2B78F6AB00CA283C /* Networking.h */,
				F21B45F52B78F6C000CA283C /* APIRequest.swift */,
				F21B45F72B78F6D100CA283C /* NetworkResult.swift */,
				F21B45F92B78F6DE00CA283C /* Networking.swift */,
				F21B45FB2B78F6F300CA283C /* Reachability.swift */,
			);
			path = Networking;
			sourceTree = "<group>";
		};
		F21B45FD2B78F75D00CA283C /* Data */ = {
			isa = PBXGroup;
			children = (
				F21B46132B791F2600CA283C /* Persistences */,
				F21B46002B78F76A00CA283C /* Repositories */,
				F21B45FF2B78F76400CA283C /* Responses */,
				F21B45FE2B78F76000CA283C /* Requests */,
			);
			path = Data;
			sourceTree = "<group>";
		};
		F21B45FE2B78F76000CA283C /* Requests */ = {
			isa = PBXGroup;
			children = (
				F21B46032B78F8DC00CA283C /* SearchMovieRequest.swift */,
			);
			path = Requests;
			sourceTree = "<group>";
		};
		F21B45FF2B78F76400CA283C /* Responses */ = {
			isa = PBXGroup;
			children = (
				F21B460B2B78FACA00CA283C /* MovieResponse.swift */,
				F21B461E2B79208200CA283C /* MoviePersistence+CoreDataClass.swift */,
				F21B461F2B79208200CA283C /* MoviePersistence+CoreDataProperties.swift */,
			);
			path = Responses;
			sourceTree = "<group>";
		};
		F21B46002B78F76A00CA283C /* Repositories */ = {
			isa = PBXGroup;
			children = (
				F21B46012B78F77800CA283C /* MovieRepository.swift */,
			);
			path = Repositories;
			sourceTree = "<group>";
		};
		F21B46132B791F2600CA283C /* Persistences */ = {
			isa = PBXGroup;
			children = (
				F21B461B2B79203000CA283C /* MovieDataModel.xcdatamodeld */,
			);
			path = Persistences;
			sourceTree = "<group>";
		};
		F21B46282B7922E900CA283C /* Persistence */ = {
			isa = PBXGroup;
			children = (
				F21B46292B7922E900CA283C /* Persistence.h */,
				F21B46322B7922F200CA283C /* CoreDataManager.swift */,
			);
			path = Persistence;
			sourceTree = "<group>";
		};
		F21B46582B7AC15A00CA283C /* Components */ = {
			isa = PBXGroup;
			children = (
				F21B465C2B7AC1A100CA283C /* Toast.swift */,
			);
			path = Components;
			sourceTree = "<group>";
		};
		F21B46772B7AC4EF00CA283C /* Atlas */ = {
			isa = PBXGroup;
			children = (
				F21B46782B7AC4F500CA283C /* Atlas.swift */,
			);
			path = Atlas;
			sourceTree = "<group>";
		};
		F21B46872B7BE66000CA283C /* Frameworks */ = {
			isa = PBXGroup;
			children = (
				164F04C8DA7D877158A2DB29 /* Pods_Movie_iTunes.framework */,
			);
			name = Frameworks;
			sourceTree = "<group>";
		};
		F21B46952B7D0C4A00CA283C /* Views */ = {
			isa = PBXGroup;
			children = (
				F21B46962B7D0C5400CA283C /* DescriptionCell.swift */,
				F2D235772B7D579E006F2EAA /* TrailerCell.swift */,
			);
			path = Views;
			sourceTree = "<group>";
		};
		F26C21FE2B78BDFE00440093 = {
			isa = PBXGroup;
			children = (
				F26C22092B78BDFE00440093 /* Movie+iTunes */,
				F21B45EB2B78F6AB00CA283C /* Networking */,
				F21B46282B7922E900CA283C /* Persistence */,
				F26C22082B78BDFE00440093 /* Products */,
				F21B46872B7BE66000CA283C /* Frameworks */,
				A50856FD0E1BF095A20D53A1 /* Pods */,
			);
			sourceTree = "<group>";
		};
		F26C22082B78BDFE00440093 /* Products */ = {
			isa = PBXGroup;
			children = (
				F26C22072B78BDFE00440093 /* Movie+iTunes.app */,
				F21B45EA2B78F6AB00CA283C /* Networking.framework */,
				F21B46272B7922E900CA283C /* Persistence.framework */,
			);
			name = Products;
			sourceTree = "<group>";
		};
		F26C22092B78BDFE00440093 /* Movie+iTunes */ = {
			isa = PBXGroup;
			children = (
				F26C222F2B78BF8700440093 /* Applications */,
				F21B45B52B78C97000CA283C /* Domain */,
				F26C22302B78BFA700440093 /* Modules */,
				F26C22132B78BE0000440093 /* Assets.xcassets */,
				F26C22152B78BE0000440093 /* LaunchScreen.storyboard */,
				F26C22182B78BE0000440093 /* Info.plist */,
			);
			path = "Movie+iTunes";
			sourceTree = "<group>";
		};
		F26C222F2B78BF8700440093 /* Applications */ = {
			isa = PBXGroup;
			children = (
				F21B45AE2B78C89B00CA283C /* DependencyManager */,
				F26C220A2B78BDFE00440093 /* AppDelegate.swift */,
				F26C220C2B78BDFE00440093 /* SceneDelegate.swift */,
			);
			path = Applications;
			sourceTree = "<group>";
		};
		F26C22302B78BFA700440093 /* Modules */ = {
			isa = PBXGroup;
			children = (
				F26C22372B78C54C00440093 /* Detail */,
				F26C22312B78BFAD00440093 /* Home */,
			);
			path = Modules;
			sourceTree = "<group>";
		};
		F26C22312B78BFAD00440093 /* Home */ = {
			isa = PBXGroup;
			children = (
				F21B45FD2B78F75D00CA283C /* Data */,
				F21B45C02B78CFB500CA283C /* Domain */,
				F26C22322B78BFB500440093 /* Presentation */,
			);
			path = Home;
			sourceTree = "<group>";
		};
		F26C22322B78BFB500440093 /* Presentation */ = {
			isa = PBXGroup;
			children = (
				F26C22332B78BFBD00440093 /* HomeVC.swift */,
				F26C22352B78BFC400440093 /* HomeVM.swift */,
				F21B45C72B78DCD900CA283C /* Views */,
			);
			path = Presentation;
			sourceTree = "<group>";
		};
		F26C22372B78C54C00440093 /* Detail */ = {
			isa = PBXGroup;
			children = (
				F26C22382B78C55B00440093 /* Presentation */,
			);
			path = Detail;
			sourceTree = "<group>";
		};
		F26C22382B78C55B00440093 /* Presentation */ = {
			isa = PBXGroup;
			children = (
				F26C22392B78C57000440093 /* DetailVC.swift */,
				F26C223B2B78C57B00440093 /* DetailVM.swift */,
				F21B46952B7D0C4A00CA283C /* Views */,
			);
			path = Presentation;
			sourceTree = "<group>";
		};
/* End PBXGroup section */

/* Begin PBXHeadersBuildPhase section */
		F21B45E52B78F6AB00CA283C /* Headers */ = {
			isa = PBXHeadersBuildPhase;
			buildActionMask = 2147483647;
			files = (
				F21B45ED2B78F6AB00CA283C /* Networking.h in Headers */,
			);
			runOnlyForDeploymentPostprocessing = 0;
		};
		F21B46222B7922E900CA283C /* Headers */ = {
			isa = PBXHeadersBuildPhase;
			buildActionMask = 2147483647;
			files = (
				F21B462A2B7922E900CA283C /* Persistence.h in Headers */,
			);
			runOnlyForDeploymentPostprocessing = 0;
		};
/* End PBXHeadersBuildPhase section */

/* Begin PBXNativeTarget section */
		F21B45E92B78F6AB00CA283C /* Networking */ = {
			isa = PBXNativeTarget;
			buildConfigurationList = F21B45F22B78F6AB00CA283C /* Build configuration list for PBXNativeTarget "Networking" */;
			buildPhases = (
				F21B45E52B78F6AB00CA283C /* Headers */,
				F21B45E62B78F6AB00CA283C /* Sources */,
				F21B45E72B78F6AB00CA283C /* Frameworks */,
				F21B45E82B78F6AB00CA283C /* Resources */,
			);
			buildRules = (
			);
			dependencies = (
			);
			name = Networking;
			productName = Networking;
			productReference = F21B45EA2B78F6AB00CA283C /* Networking.framework */;
			productType = "com.apple.product-type.framework";
		};
		F21B46262B7922E900CA283C /* Persistence */ = {
			isa = PBXNativeTarget;
			buildConfigurationList = F21B462F2B7922E900CA283C /* Build configuration list for PBXNativeTarget "Persistence" */;
			buildPhases = (
				F21B46222B7922E900CA283C /* Headers */,
				F21B46232B7922E900CA283C /* Sources */,
				F21B46242B7922E900CA283C /* Frameworks */,
				F21B46252B7922E900CA283C /* Resources */,
			);
			buildRules = (
			);
			dependencies = (
			);
			name = Persistence;
			productName = Persistence;
			productReference = F21B46272B7922E900CA283C /* Persistence.framework */;
			productType = "com.apple.product-type.framework";
		};
		F26C22062B78BDFE00440093 /* Movie+iTunes */ = {
			isa = PBXNativeTarget;
			buildConfigurationList = F26C221B2B78BE0000440093 /* Build configuration list for PBXNativeTarget "Movie+iTunes" */;
			buildPhases = (
				71320FC392A4C9BDD955690A /* [CP] Check Pods Manifest.lock */,
				F26C22032B78BDFE00440093 /* Sources */,
				F26C22042B78BDFE00440093 /* Frameworks */,
				F26C22052B78BDFE00440093 /* Resources */,
				F21B45E42B78F68200CA283C /* Embed Frameworks */,
				5060D290B69914053B159492 /* [CP] Embed Pods Frameworks */,
			);
			buildRules = (
			);
			dependencies = (
				F21B45EF2B78F6AB00CA283C /* PBXTargetDependency */,
				F21B462C2B7922E900CA283C /* PBXTargetDependency */,
			);
			name = "Movie+iTunes";
			productName = "Movie+iTunes";
			productReference = F26C22072B78BDFE00440093 /* Movie+iTunes.app */;
			productType = "com.apple.product-type.application";
		};
/* End PBXNativeTarget section */

/* Begin PBXProject section */
		F26C21FF2B78BDFE00440093 /* Project object */ = {
			isa = PBXProject;
			attributes = {
				BuildIndependentTargetsInParallel = 1;
				LastSwiftUpdateCheck = 1520;
				LastUpgradeCheck = 1520;
				TargetAttributes = {
					F21B45E92B78F6AB00CA283C = {
						CreatedOnToolsVersion = 15.2;
						LastSwiftMigration = 1520;
					};
					F21B46262B7922E900CA283C = {
						CreatedOnToolsVersion = 15.2;
						LastSwiftMigration = 1520;
					};
					F26C22062B78BDFE00440093 = {
						CreatedOnToolsVersion = 15.2;
					};
				};
			};
			buildConfigurationList = F26C22022B78BDFE00440093 /* Build configuration list for PBXProject "Movie+iTunes" */;
			compatibilityVersion = "Xcode 14.0";
			developmentRegion = en;
			hasScannedForEncodings = 0;
			knownRegions = (
				en,
				Base,
			);
			mainGroup = F26C21FE2B78BDFE00440093;
			productRefGroup = F26C22082B78BDFE00440093 /* Products */;
			projectDirPath = "";
			projectRoot = "";
			targets = (
				F26C22062B78BDFE00440093 /* Movie+iTunes */,
				F21B45E92B78F6AB00CA283C /* Networking */,
				F21B46262B7922E900CA283C /* Persistence */,
			);
		};
/* End PBXProject section */

/* Begin PBXResourcesBuildPhase section */
		F21B45E82B78F6AB00CA283C /* Resources */ = {
			isa = PBXResourcesBuildPhase;
			buildActionMask = 2147483647;
			files = (
			);
			runOnlyForDeploymentPostprocessing = 0;
		};
		F21B46252B7922E900CA283C /* Resources */ = {
			isa = PBXResourcesBuildPhase;
			buildActionMask = 2147483647;
			files = (
			);
			runOnlyForDeploymentPostprocessing = 0;
		};
		F26C22052B78BDFE00440093 /* Resources */ = {
			isa = PBXResourcesBuildPhase;
			buildActionMask = 2147483647;
			files = (
				F26C22172B78BE0000440093 /* LaunchScreen.storyboard in Resources */,
				F26C22142B78BE0000440093 /* Assets.xcassets in Resources */,
			);
			runOnlyForDeploymentPostprocessing = 0;
		};
/* End PBXResourcesBuildPhase section */

/* Begin PBXShellScriptBuildPhase section */
		5060D290B69914053B159492 /* [CP] Embed Pods Frameworks */ = {
			isa = PBXShellScriptBuildPhase;
			buildActionMask = 2147483647;
			files = (
			);
			inputFileListPaths = (
				"${PODS_ROOT}/Target Support Files/Pods-Movie+iTunes/Pods-Movie+iTunes-frameworks-${CONFIGURATION}-input-files.xcfilelist",
			);
			name = "[CP] Embed Pods Frameworks";
			outputFileListPaths = (
				"${PODS_ROOT}/Target Support Files/Pods-Movie+iTunes/Pods-Movie+iTunes-frameworks-${CONFIGURATION}-output-files.xcfilelist",
			);
			runOnlyForDeploymentPostprocessing = 0;
			shellPath = /bin/sh;
			shellScript = "\"${PODS_ROOT}/Target Support Files/Pods-Movie+iTunes/Pods-Movie+iTunes-frameworks.sh\"\n";
			showEnvVarsInLog = 0;
		};
		71320FC392A4C9BDD955690A /* [CP] Check Pods Manifest.lock */ = {
			isa = PBXShellScriptBuildPhase;
			buildActionMask = 2147483647;
			files = (
			);
			inputFileListPaths = (
			);
			inputPaths = (
				"${PODS_PODFILE_DIR_PATH}/Podfile.lock",
				"${PODS_ROOT}/Manifest.lock",
			);
			name = "[CP] Check Pods Manifest.lock";
			outputFileListPaths = (
			);
			outputPaths = (
				"$(DERIVED_FILE_DIR)/Pods-Movie+iTunes-checkManifestLockResult.txt",
			);
			runOnlyForDeploymentPostprocessing = 0;
			shellPath = /bin/sh;
			shellScript = "diff \"${PODS_PODFILE_DIR_PATH}/Podfile.lock\" \"${PODS_ROOT}/Manifest.lock\" > /dev/null\nif [ $? != 0 ] ; then\n    # print error to STDERR\n    echo \"error: The sandbox is not in sync with the Podfile.lock. Run 'pod install' or update your CocoaPods installation.\" >&2\n    exit 1\nfi\n# This output is used by Xcode 'outputs' to avoid re-running this script phase.\necho \"SUCCESS\" > \"${SCRIPT_OUTPUT_FILE_0}\"\n";
			showEnvVarsInLog = 0;
		};
/* End PBXShellScriptBuildPhase section */

/* Begin PBXSourcesBuildPhase section */
		F21B45E62B78F6AB00CA283C /* Sources */ = {
			isa = PBXSourcesBuildPhase;
			buildActionMask = 2147483647;
			files = (
				F21B45FA2B78F6DE00CA283C /* Networking.swift in Sources */,
				F21B45F62B78F6C000CA283C /* APIRequest.swift in Sources */,
				F21B45FC2B78F6F300CA283C /* Reachability.swift in Sources */,
				F21B45F82B78F6D100CA283C /* NetworkResult.swift in Sources */,
			);
			runOnlyForDeploymentPostprocessing = 0;
		};
		F21B46232B7922E900CA283C /* Sources */ = {
			isa = PBXSourcesBuildPhase;
			buildActionMask = 2147483647;
			files = (
				F21B46332B7922F200CA283C /* CoreDataManager.swift in Sources */,
			);
			runOnlyForDeploymentPostprocessing = 0;
		};
		F26C22032B78BDFE00440093 /* Sources */ = {
			isa = PBXSourcesBuildPhase;
			buildActionMask = 2147483647;
			files = (
				F26C223A2B78C57000440093 /* DetailVC.swift in Sources */,
				F21B468E2B7CEB4700CA283C /* HomeErrorCell.swift in Sources */,
				F26C223C2B78C57B00440093 /* DetailVM.swift in Sources */,
				F21B46902B7CEC3200CA283C /* HomeErrorType.swift in Sources */,
				F21B461D2B79203000CA283C /* MovieDataModel.xcdatamodeld in Sources */,
				F21B465D2B7AC1A100CA283C /* Toast.swift in Sources */,
				F26C22342B78BFBD00440093 /* HomeVC.swift in Sources */,
				F21B46042B78F8DC00CA283C /* SearchMovieRequest.swift in Sources */,
				F21B45D32B78EB3C00CA283C /* HomeListContentCell.swift in Sources */,
				F21B45BB2B78CAE500CA283C /* Combine+CancelBag.swift in Sources */,
				F21B46942B7CF5E800CA283C /* HomeFavoriteContentCell.swift in Sources */,
				F21B45BD2B78CDED00CA283C /* SectionedArray.swift in Sources */,
				F21B45CB2B78DDA500CA283C /* NSObject+Identifier.swift in Sources */,
				F21B460A2B78FA5E00CA283C /* APIConfig.swift in Sources */,
				F26C220B2B78BDFE00440093 /* AppDelegate.swift in Sources */,
				F26C220D2B78BDFE00440093 /* SceneDelegate.swift in Sources */,
				F21B46922B7CEC4100CA283C /* SectionTap.swift in Sources */,
				F21B46082B78F9A800CA283C /* Constant.swift in Sources */,
				F21B460C2B78FACA00CA283C /* MovieResponse.swift in Sources */,
				F26C22362B78BFC400440093 /* HomeVM.swift in Sources */,
				F21B46022B78F77800CA283C /* MovieRepository.swift in Sources */,
				F21B45C32B78CFD000CA283C /* HomeUseCase.swift in Sources */,
				F21B45BF2B78CEA000CA283C /* ColumnFlowLayout.swift in Sources */,
				F21B45C92B78DD2D00CA283C /* HomeFavoriteCell.swift in Sources */,
				F21B46762B7AC3E500CA283C /* UIApplication+TopMostVC.swift in Sources */,
				F21B46212B79208200CA283C /* MoviePersistence+CoreDataProperties.swift in Sources */,
				F21B45B22B78C8C500CA283C /* AtlasDependencyManager.swift in Sources */,
				F2D235782B7D579E006F2EAA /* TrailerCell.swift in Sources */,
				F21B45D12B78EB2E00CA283C /* HomeListCell.swift in Sources */,
				F21B45B82B78C98E00CA283C /* UIColor+Ext.swift in Sources */,
				F21B46972B7D0C5400CA283C /* DescriptionCell.swift in Sources */,
				F21B45B42B78C91500CA283C /* ImageDependencyManager.swift in Sources */,
				F21B46792B7AC4F500CA283C /* Atlas.swift in Sources */,
				F21B46202B79208200CA283C /* MoviePersistence+CoreDataClass.swift in Sources */,
				F21B45B02B78C8A800CA283C /* DependencyManager.swift in Sources */,
				F21B45C62B78D02200CA283C /* Movie.swift in Sources */,
			);
			runOnlyForDeploymentPostprocessing = 0;
		};
/* End PBXSourcesBuildPhase section */

/* Begin PBXTargetDependency section */
		F21B45EF2B78F6AB00CA283C /* PBXTargetDependency */ = {
			isa = PBXTargetDependency;
			target = F21B45E92B78F6AB00CA283C /* Networking */;
			targetProxy = F21B45EE2B78F6AB00CA283C /* PBXContainerItemProxy */;
		};
		F21B462C2B7922E900CA283C /* PBXTargetDependency */ = {
			isa = PBXTargetDependency;
			target = F21B46262B7922E900CA283C /* Persistence */;
			targetProxy = F21B462B2B7922E900CA283C /* PBXContainerItemProxy */;
		};
/* End PBXTargetDependency section */

/* Begin PBXVariantGroup section */
		F26C22152B78BE0000440093 /* LaunchScreen.storyboard */ = {
			isa = PBXVariantGroup;
			children = (
				F26C22162B78BE0000440093 /* Base */,
			);
			name = LaunchScreen.storyboard;
			sourceTree = "<group>";
		};
/* End PBXVariantGroup section */

/* Begin XCBuildConfiguration section */
		F21B45F32B78F6AB00CA283C /* Debug */ = {
			isa = XCBuildConfiguration;
			buildSettings = {
				CLANG_ENABLE_MODULES = YES;
				CODE_SIGN_STYLE = Automatic;
				CURRENT_PROJECT_VERSION = 1;
				DEFINES_MODULE = YES;
				DEVELOPMENT_TEAM = RMQNS23DVX;
				DYLIB_COMPATIBILITY_VERSION = 1;
				DYLIB_CURRENT_VERSION = 1;
				DYLIB_INSTALL_NAME_BASE = "@rpath";
				ENABLE_MODULE_VERIFIER = YES;
				GENERATE_INFOPLIST_FILE = YES;
				INFOPLIST_KEY_NSHumanReadableCopyright = "";
				INSTALL_PATH = "$(LOCAL_LIBRARY_DIR)/Frameworks";
				LD_RUNPATH_SEARCH_PATHS = (
					"$(inherited)",
					"@executable_path/Frameworks",
					"@loader_path/Frameworks",
				);
				MARKETING_VERSION = 1.0;
				MODULE_VERIFIER_SUPPORTED_LANGUAGES = "objective-c objective-c++";
				MODULE_VERIFIER_SUPPORTED_LANGUAGE_STANDARDS = "gnu17 gnu++20";
				PRODUCT_BUNDLE_IDENTIFIER = mike.Networking;
				PRODUCT_NAME = "$(TARGET_NAME:c99extidentifier)";
				SKIP_INSTALL = YES;
				SWIFT_EMIT_LOC_STRINGS = YES;
				SWIFT_OPTIMIZATION_LEVEL = "-Onone";
				SWIFT_VERSION = 5.0;
				TARGETED_DEVICE_FAMILY = "1,2";
				VERSIONING_SYSTEM = "apple-generic";
				VERSION_INFO_PREFIX = "";
			};
			name = Debug;
		};
		F21B45F42B78F6AB00CA283C /* Release */ = {
			isa = XCBuildConfiguration;
			buildSettings = {
				CLANG_ENABLE_MODULES = YES;
				CODE_SIGN_STYLE = Automatic;
				CURRENT_PROJECT_VERSION = 1;
				DEFINES_MODULE = YES;
				DEVELOPMENT_TEAM = RMQNS23DVX;
				DYLIB_COMPATIBILITY_VERSION = 1;
				DYLIB_CURRENT_VERSION = 1;
				DYLIB_INSTALL_NAME_BASE = "@rpath";
				ENABLE_MODULE_VERIFIER = YES;
				GENERATE_INFOPLIST_FILE = YES;
				INFOPLIST_KEY_NSHumanReadableCopyright = "";
				INSTALL_PATH = "$(LOCAL_LIBRARY_DIR)/Frameworks";
				LD_RUNPATH_SEARCH_PATHS = (
					"$(inherited)",
					"@executable_path/Frameworks",
					"@loader_path/Frameworks",
				);
				MARKETING_VERSION = 1.0;
				MODULE_VERIFIER_SUPPORTED_LANGUAGES = "objective-c objective-c++";
				MODULE_VERIFIER_SUPPORTED_LANGUAGE_STANDARDS = "gnu17 gnu++20";
				PRODUCT_BUNDLE_IDENTIFIER = mike.Networking;
				PRODUCT_NAME = "$(TARGET_NAME:c99extidentifier)";
				SKIP_INSTALL = YES;
				SWIFT_EMIT_LOC_STRINGS = YES;
				SWIFT_VERSION = 5.0;
				TARGETED_DEVICE_FAMILY = "1,2";
				VERSIONING_SYSTEM = "apple-generic";
				VERSION_INFO_PREFIX = "";
			};
			name = Release;
		};
		F21B46302B7922E900CA283C /* Debug */ = {
			isa = XCBuildConfiguration;
			buildSettings = {
				CLANG_ENABLE_MODULES = YES;
				CODE_SIGN_STYLE = Automatic;
				CURRENT_PROJECT_VERSION = 1;
				DEFINES_MODULE = YES;
				DEVELOPMENT_TEAM = RMQNS23DVX;
				DYLIB_COMPATIBILITY_VERSION = 1;
				DYLIB_CURRENT_VERSION = 1;
				DYLIB_INSTALL_NAME_BASE = "@rpath";
				ENABLE_MODULE_VERIFIER = YES;
				GENERATE_INFOPLIST_FILE = YES;
				INFOPLIST_KEY_NSHumanReadableCopyright = "";
				INSTALL_PATH = "$(LOCAL_LIBRARY_DIR)/Frameworks";
				LD_RUNPATH_SEARCH_PATHS = (
					"$(inherited)",
					"@executable_path/Frameworks",
					"@loader_path/Frameworks",
				);
				MARKETING_VERSION = 1.0;
				MODULE_VERIFIER_SUPPORTED_LANGUAGES = "objective-c objective-c++";
				MODULE_VERIFIER_SUPPORTED_LANGUAGE_STANDARDS = "gnu17 gnu++20";
				PRODUCT_BUNDLE_IDENTIFIER = mike.Persistence;
				PRODUCT_NAME = "$(TARGET_NAME:c99extidentifier)";
				SKIP_INSTALL = YES;
				SWIFT_EMIT_LOC_STRINGS = YES;
				SWIFT_OPTIMIZATION_LEVEL = "-Onone";
				SWIFT_VERSION = 5.0;
				TARGETED_DEVICE_FAMILY = "1,2";
				VERSIONING_SYSTEM = "apple-generic";
				VERSION_INFO_PREFIX = "";
			};
			name = Debug;
		};
		F21B46312B7922E900CA283C /* Release */ = {
			isa = XCBuildConfiguration;
			buildSettings = {
				CLANG_ENABLE_MODULES = YES;
				CODE_SIGN_STYLE = Automatic;
				CURRENT_PROJECT_VERSION = 1;
				DEFINES_MODULE = YES;
				DEVELOPMENT_TEAM = RMQNS23DVX;
				DYLIB_COMPATIBILITY_VERSION = 1;
				DYLIB_CURRENT_VERSION = 1;
				DYLIB_INSTALL_NAME_BASE = "@rpath";
				ENABLE_MODULE_VERIFIER = YES;
				GENERATE_INFOPLIST_FILE = YES;
				INFOPLIST_KEY_NSHumanReadableCopyright = "";
				INSTALL_PATH = "$(LOCAL_LIBRARY_DIR)/Frameworks";
				LD_RUNPATH_SEARCH_PATHS = (
					"$(inherited)",
					"@executable_path/Frameworks",
					"@loader_path/Frameworks",
				);
				MARKETING_VERSION = 1.0;
				MODULE_VERIFIER_SUPPORTED_LANGUAGES = "objective-c objective-c++";
				MODULE_VERIFIER_SUPPORTED_LANGUAGE_STANDARDS = "gnu17 gnu++20";
				PRODUCT_BUNDLE_IDENTIFIER = mike.Persistence;
				PRODUCT_NAME = "$(TARGET_NAME:c99extidentifier)";
				SKIP_INSTALL = YES;
				SWIFT_EMIT_LOC_STRINGS = YES;
				SWIFT_VERSION = 5.0;
				TARGETED_DEVICE_FAMILY = "1,2";
				VERSIONING_SYSTEM = "apple-generic";
				VERSION_INFO_PREFIX = "";
			};
			name = Release;
		};
		F26C22192B78BE0000440093 /* Debug */ = {
			isa = XCBuildConfiguration;
			buildSettings = {
				ALWAYS_SEARCH_USER_PATHS = NO;
				ASSETCATALOG_COMPILER_GENERATE_SWIFT_ASSET_SYMBOL_EXTENSIONS = YES;
				CLANG_ANALYZER_NONNULL = YES;
				CLANG_ANALYZER_NUMBER_OBJECT_CONVERSION = YES_AGGRESSIVE;
				CLANG_CXX_LANGUAGE_STANDARD = "gnu++20";
				CLANG_ENABLE_MODULES = YES;
				CLANG_ENABLE_OBJC_ARC = YES;
				CLANG_ENABLE_OBJC_WEAK = YES;
				CLANG_WARN_BLOCK_CAPTURE_AUTORELEASING = YES;
				CLANG_WARN_BOOL_CONVERSION = YES;
				CLANG_WARN_COMMA = YES;
				CLANG_WARN_CONSTANT_CONVERSION = YES;
				CLANG_WARN_DEPRECATED_OBJC_IMPLEMENTATIONS = YES;
				CLANG_WARN_DIRECT_OBJC_ISA_USAGE = YES_ERROR;
				CLANG_WARN_DOCUMENTATION_COMMENTS = YES;
				CLANG_WARN_EMPTY_BODY = YES;
				CLANG_WARN_ENUM_CONVERSION = YES;
				CLANG_WARN_INFINITE_RECURSION = YES;
				CLANG_WARN_INT_CONVERSION = YES;
				CLANG_WARN_NON_LITERAL_NULL_CONVERSION = YES;
				CLANG_WARN_OBJC_IMPLICIT_RETAIN_SELF = YES;
				CLANG_WARN_OBJC_LITERAL_CONVERSION = YES;
				CLANG_WARN_OBJC_ROOT_CLASS = YES_ERROR;
				CLANG_WARN_QUOTED_INCLUDE_IN_FRAMEWORK_HEADER = YES;
				CLANG_WARN_RANGE_LOOP_ANALYSIS = YES;
				CLANG_WARN_STRICT_PROTOTYPES = YES;
				CLANG_WARN_SUSPICIOUS_MOVE = YES;
				CLANG_WARN_UNGUARDED_AVAILABILITY = YES_AGGRESSIVE;
				CLANG_WARN_UNREACHABLE_CODE = YES;
				CLANG_WARN__DUPLICATE_METHOD_MATCH = YES;
				COPY_PHASE_STRIP = NO;
				DEBUG_INFORMATION_FORMAT = dwarf;
				ENABLE_STRICT_OBJC_MSGSEND = YES;
				ENABLE_TESTABILITY = YES;
				ENABLE_USER_SCRIPT_SANDBOXING = NO;
				GCC_C_LANGUAGE_STANDARD = gnu17;
				GCC_DYNAMIC_NO_PIC = NO;
				GCC_NO_COMMON_BLOCKS = YES;
				GCC_OPTIMIZATION_LEVEL = 0;
				GCC_PREPROCESSOR_DEFINITIONS = (
					"DEBUG=1",
					"$(inherited)",
				);
				GCC_WARN_64_TO_32_BIT_CONVERSION = YES;
				GCC_WARN_ABOUT_RETURN_TYPE = YES_ERROR;
				GCC_WARN_UNDECLARED_SELECTOR = YES;
				GCC_WARN_UNINITIALIZED_AUTOS = YES_AGGRESSIVE;
				GCC_WARN_UNUSED_FUNCTION = YES;
				GCC_WARN_UNUSED_VARIABLE = YES;
				IPHONEOS_DEPLOYMENT_TARGET = 17.2;
				LOCALIZATION_PREFERS_STRING_CATALOGS = YES;
				MTL_ENABLE_DEBUG_INFO = INCLUDE_SOURCE;
				MTL_FAST_MATH = YES;
				ONLY_ACTIVE_ARCH = YES;
				SDKROOT = iphoneos;
				SWIFT_ACTIVE_COMPILATION_CONDITIONS = "DEBUG $(inherited)";
				SWIFT_OPTIMIZATION_LEVEL = "-Onone";
			};
			name = Debug;
		};
		F26C221A2B78BE0000440093 /* Release */ = {
			isa = XCBuildConfiguration;
			buildSettings = {
				ALWAYS_SEARCH_USER_PATHS = NO;
				ASSETCATALOG_COMPILER_GENERATE_SWIFT_ASSET_SYMBOL_EXTENSIONS = YES;
				CLANG_ANALYZER_NONNULL = YES;
				CLANG_ANALYZER_NUMBER_OBJECT_CONVERSION = YES_AGGRESSIVE;
				CLANG_CXX_LANGUAGE_STANDARD = "gnu++20";
				CLANG_ENABLE_MODULES = YES;
				CLANG_ENABLE_OBJC_ARC = YES;
				CLANG_ENABLE_OBJC_WEAK = YES;
				CLANG_WARN_BLOCK_CAPTURE_AUTORELEASING = YES;
				CLANG_WARN_BOOL_CONVERSION = YES;
				CLANG_WARN_COMMA = YES;
				CLANG_WARN_CONSTANT_CONVERSION = YES;
				CLANG_WARN_DEPRECATED_OBJC_IMPLEMENTATIONS = YES;
				CLANG_WARN_DIRECT_OBJC_ISA_USAGE = YES_ERROR;
				CLANG_WARN_DOCUMENTATION_COMMENTS = YES;
				CLANG_WARN_EMPTY_BODY = YES;
				CLANG_WARN_ENUM_CONVERSION = YES;
				CLANG_WARN_INFINITE_RECURSION = YES;
				CLANG_WARN_INT_CONVERSION = YES;
				CLANG_WARN_NON_LITERAL_NULL_CONVERSION = YES;
				CLANG_WARN_OBJC_IMPLICIT_RETAIN_SELF = YES;
				CLANG_WARN_OBJC_LITERAL_CONVERSION = YES;
				CLANG_WARN_OBJC_ROOT_CLASS = YES_ERROR;
				CLANG_WARN_QUOTED_INCLUDE_IN_FRAMEWORK_HEADER = YES;
				CLANG_WARN_RANGE_LOOP_ANALYSIS = YES;
				CLANG_WARN_STRICT_PROTOTYPES = YES;
				CLANG_WARN_SUSPICIOUS_MOVE = YES;
				CLANG_WARN_UNGUARDED_AVAILABILITY = YES_AGGRESSIVE;
				CLANG_WARN_UNREACHABLE_CODE = YES;
				CLANG_WARN__DUPLICATE_METHOD_MATCH = YES;
				COPY_PHASE_STRIP = NO;
				DEBUG_INFORMATION_FORMAT = "dwarf-with-dsym";
				ENABLE_NS_ASSERTIONS = NO;
				ENABLE_STRICT_OBJC_MSGSEND = YES;
				ENABLE_USER_SCRIPT_SANDBOXING = NO;
				GCC_C_LANGUAGE_STANDARD = gnu17;
				GCC_NO_COMMON_BLOCKS = YES;
				GCC_WARN_64_TO_32_BIT_CONVERSION = YES;
				GCC_WARN_ABOUT_RETURN_TYPE = YES_ERROR;
				GCC_WARN_UNDECLARED_SELECTOR = YES;
				GCC_WARN_UNINITIALIZED_AUTOS = YES_AGGRESSIVE;
				GCC_WARN_UNUSED_FUNCTION = YES;
				GCC_WARN_UNUSED_VARIABLE = YES;
				IPHONEOS_DEPLOYMENT_TARGET = 17.2;
				LOCALIZATION_PREFERS_STRING_CATALOGS = YES;
				MTL_ENABLE_DEBUG_INFO = NO;
				MTL_FAST_MATH = YES;
				SDKROOT = iphoneos;
				SWIFT_COMPILATION_MODE = wholemodule;
				VALIDATE_PRODUCT = YES;
			};
			name = Release;
		};
		F26C221C2B78BE0000440093 /* Debug */ = {
			isa = XCBuildConfiguration;
			baseConfigurationReference = D9F2FEDC223465329DCA6B54 /* Pods-Movie+iTunes.debug.xcconfig */;
			buildSettings = {
				ALWAYS_EMBED_SWIFT_STANDARD_LIBRARIES = YES;
				ASSETCATALOG_COMPILER_APPICON_NAME = AppIcon;
				ASSETCATALOG_COMPILER_GLOBAL_ACCENT_COLOR_NAME = AccentColor;
				CODE_SIGN_STYLE = Automatic;
				CURRENT_PROJECT_VERSION = 1;
				DEVELOPMENT_TEAM = RMQNS23DVX;
				GENERATE_INFOPLIST_FILE = YES;
				INFOPLIST_FILE = "Movie+iTunes/Info.plist";
				INFOPLIST_KEY_UIApplicationSupportsIndirectInputEvents = YES;
				INFOPLIST_KEY_UILaunchStoryboardName = LaunchScreen;
				INFOPLIST_KEY_UISupportedInterfaceOrientations_iPad = "UIInterfaceOrientationPortrait UIInterfaceOrientationPortraitUpsideDown UIInterfaceOrientationLandscapeLeft UIInterfaceOrientationLandscapeRight";
				INFOPLIST_KEY_UISupportedInterfaceOrientations_iPhone = "UIInterfaceOrientationPortrait UIInterfaceOrientationLandscapeLeft UIInterfaceOrientationLandscapeRight";
				LD_RUNPATH_SEARCH_PATHS = (
					"$(inherited)",
					"@executable_path/Frameworks",
				);
				MARKETING_VERSION = 1.0;
				PRODUCT_BUNDLE_IDENTIFIER = "mike.Movie-iTunes";
				PRODUCT_NAME = "$(TARGET_NAME)";
				SWIFT_EMIT_LOC_STRINGS = YES;
				SWIFT_VERSION = 5.0;
				TARGETED_DEVICE_FAMILY = "1,2";
			};
			name = Debug;
		};
		F26C221D2B78BE0000440093 /* Release */ = {
			isa = XCBuildConfiguration;
			baseConfigurationReference = FBC074ECBFD32C95B3BA9982 /* Pods-Movie+iTunes.release.xcconfig */;
			buildSettings = {
				ALWAYS_EMBED_SWIFT_STANDARD_LIBRARIES = YES;
				ASSETCATALOG_COMPILER_APPICON_NAME = AppIcon;
				ASSETCATALOG_COMPILER_GLOBAL_ACCENT_COLOR_NAME = AccentColor;
				CODE_SIGN_STYLE = Automatic;
				CURRENT_PROJECT_VERSION = 1;
				DEVELOPMENT_TEAM = RMQNS23DVX;
				GENERATE_INFOPLIST_FILE = YES;
				INFOPLIST_FILE = "Movie+iTunes/Info.plist";
				INFOPLIST_KEY_UIApplicationSupportsIndirectInputEvents = YES;
				INFOPLIST_KEY_UILaunchStoryboardName = LaunchScreen;
				INFOPLIST_KEY_UISupportedInterfaceOrientations_iPad = "UIInterfaceOrientationPortrait UIInterfaceOrientationPortraitUpsideDown UIInterfaceOrientationLandscapeLeft UIInterfaceOrientationLandscapeRight";
				INFOPLIST_KEY_UISupportedInterfaceOrientations_iPhone = "UIInterfaceOrientationPortrait UIInterfaceOrientationLandscapeLeft UIInterfaceOrientationLandscapeRight";
				LD_RUNPATH_SEARCH_PATHS = (
					"$(inherited)",
					"@executable_path/Frameworks",
				);
				MARKETING_VERSION = 1.0;
				PRODUCT_BUNDLE_IDENTIFIER = "mike.Movie-iTunes";
				PRODUCT_NAME = "$(TARGET_NAME)";
				SWIFT_EMIT_LOC_STRINGS = YES;
				SWIFT_VERSION = 5.0;
				TARGETED_DEVICE_FAMILY = "1,2";
			};
			name = Release;
		};
/* End XCBuildConfiguration section */

/* Begin XCConfigurationList section */
		F21B45F22B78F6AB00CA283C /* Build configuration list for PBXNativeTarget "Networking" */ = {
			isa = XCConfigurationList;
			buildConfigurations = (
				F21B45F32B78F6AB00CA283C /* Debug */,
				F21B45F42B78F6AB00CA283C /* Release */,
			);
			defaultConfigurationIsVisible = 0;
			defaultConfigurationName = Release;
		};
		F21B462F2B7922E900CA283C /* Build configuration list for PBXNativeTarget "Persistence" */ = {
			isa = XCConfigurationList;
			buildConfigurations = (
				F21B46302B7922E900CA283C /* Debug */,
				F21B46312B7922E900CA283C /* Release */,
			);
			defaultConfigurationIsVisible = 0;
			defaultConfigurationName = Release;
		};
		F26C22022B78BDFE00440093 /* Build configuration list for PBXProject "Movie+iTunes" */ = {
			isa = XCConfigurationList;
			buildConfigurations = (
				F26C22192B78BE0000440093 /* Debug */,
				F26C221A2B78BE0000440093 /* Release */,
			);
			defaultConfigurationIsVisible = 0;
			defaultConfigurationName = Release;
		};
		F26C221B2B78BE0000440093 /* Build configuration list for PBXNativeTarget "Movie+iTunes" */ = {
			isa = XCConfigurationList;
			buildConfigurations = (
				F26C221C2B78BE0000440093 /* Debug */,
				F26C221D2B78BE0000440093 /* Release */,
			);
			defaultConfigurationIsVisible = 0;
			defaultConfigurationName = Release;
		};
/* End XCConfigurationList section */

/* Begin XCVersionGroup section */
		F21B461B2B79203000CA283C /* MovieDataModel.xcdatamodeld */ = {
			isa = XCVersionGroup;
			children = (
				F21B461C2B79203000CA283C /* MovieDataModel.xcdatamodel */,
			);
			currentVersion = F21B461C2B79203000CA283C /* MovieDataModel.xcdatamodel */;
			path = MovieDataModel.xcdatamodeld;
			sourceTree = "<group>";
			versionGroupType = wrapper.xcdatamodel;
		};
/* End XCVersionGroup section */
	};
	rootObject = F26C21FF2B78BDFE00440093 /* Project object */;
}
